
Microsoft Visual Studio Solution File, Format Version 12.00
# Visual Studio 14
VisualStudioVersion = 14.0.25420.1
MinimumVisualStudioVersion = 10.0.40219.1
Project("{FAE04EC0-301F-11D3-BF4B-00C04F79EFBC}") = "FaceEmotionRecognition", "FaceEmotionRecognition\FaceEmotionRecognition\FaceEmotionRecognition.csproj", "{66BA8C6E-D82E-413E-9830-C56B8A5C6455}"
EndProject
Project("{FAE04EC0-301F-11D3-BF4B-00C04F79EFBC}") = "FaceEmotionRecognition.Droid", "FaceEmotionRecognition\FaceEmotionRecognition.Droid\FaceEmotionRecognition.Droid.csproj", "{47043E55-54D9-4C30-AB77-261BDBFF3EA3}"
EndProject
Project("{FAE04EC0-301F-11D3-BF4B-00C04F79EFBC}") = "FaceEmotionRecognition.iOS", "FaceEmotionRecognition\FaceEmotionRecognition.iOS\FaceEmotionRecognition.iOS.csproj", "{5733C16C-11EF-40A3-8733-7AAB39123A8C}"
EndProject
Project("{FAE04EC0-301F-11D3-BF4B-00C04F79EFBC}") = "FaceEmotionRecognition.UWP", "FaceEmotionRecognition\FaceEmotionRecognition.UWP\FaceEmotionRecognition.UWP.csproj", "{B612D2C5-6003-4B8E-AD6E-95892EBEE9CC}"
EndProject
Global
	GlobalSection(SolutionConfigurationPlatforms) = preSolution
		Ad-Hoc|Any CPU = Ad-Hoc|Any CPU
		Ad-Hoc|ARM = Ad-Hoc|ARM
		Ad-Hoc|iPhone = Ad-Hoc|iPhone
		Ad-Hoc|iPhoneSimulator = Ad-Hoc|iPhoneSimulator
		Ad-Hoc|x64 = Ad-Hoc|x64
		Ad-Hoc|x86 = Ad-Hoc|x86
		AppStore|Any CPU = AppStore|Any CPU
		AppStore|ARM = AppStore|ARM
		AppStore|iPhone = AppStore|iPhone
		AppStore|iPhoneSimulator = AppStore|iPhoneSimulator
		AppStore|x64 = AppStore|x64
		AppStore|x86 = AppStore|x86
		Debug|Any CPU = Debug|Any CPU
		Debug|ARM = Debug|ARM
		Debug|iPhone = Debug|iPhone
		Debug|iPhoneSimulator = Debug|iPhoneSimulator
		Debug|x64 = Debug|x64
		Debug|x86 = Debug|x86
		Release|Any CPU = Release|Any CPU
		Release|ARM = Release|ARM
		Release|iPhone = Release|iPhone
		Release|iPhoneSimulator = Release|iPhoneSimulator
		Release|x64 = Release|x64
		Release|x86 = Release|x86
	EndGlobalSection
	GlobalSection(ProjectConfigurationPlatforms) = postSolution
		{66BA8C6E-D82E-413E-9830-C56B8A5C6455}.Ad-Hoc|Any CPU.ActiveCfg = Release|Any CPU
		{66BA8C6E-D82E-413E-9830-C56B8A5C6455}.Ad-Hoc|Any CPU.Build.0 = Release|Any CPU
		{66BA8C6E-D82E-413E-9830-C56B8A5C6455}.Ad-Hoc|ARM.ActiveCfg = Release|Any CPU
		{66BA8C6E-D82E-413E-9830-C56B8A5C6455}.Ad-Hoc|ARM.Build.0 = Release|Any CPU
		{66BA8C6E-D82E-413E-9830-C56B8A5C6455}.Ad-Hoc|iPhone.ActiveCfg = Release|Any CPU
		{66BA8C6E-D82E-413E-9830-C56B8A5C6455}.Ad-Hoc|iPhone.Build.0 = Release|Any CPU
		{66BA8C6E-D82E-413E-9830-C56B8A5C6455}.Ad-Hoc|iPhoneSimulator.ActiveCfg = Release|Any CPU
		{66BA8C6E-D82E-413E-9830-C56B8A5C6455}.Ad-Hoc|iPhoneSimulator.Build.0 = Release|Any CPU
		{66BA8C6E-D82E-413E-9830-C56B8A5C6455}.Ad-Hoc|x64.ActiveCfg = Release|Any CPU
		{66BA8C6E-D82E-413E-9830-C56B8A5C6455}.Ad-Hoc|x64.Build.0 = Release|Any CPU
		{66BA8C6E-D82E-413E-9830-C56B8A5C6455}.Ad-Hoc|x86.ActiveCfg = Release|Any CPU
		{66BA8C6E-D82E-413E-9830-C56B8A5C6455}.Ad-Hoc|x86.Build.0 = Release|Any CPU
		{66BA8C6E-D82E-413E-9830-C56B8A5C6455}.AppStore|Any CPU.ActiveCfg = Release|Any CPU
		{66BA8C6E-D82E-413E-9830-C56B8A5C6455}.AppStore|Any CPU.Build.0 = Release|Any CPU
		{66BA8C6E-D82E-413E-9830-C56B8A5C6455}.AppStore|ARM.ActiveCfg = Release|Any CPU
		{66BA8C6E-D82E-413E-9830-C56B8A5C6455}.AppStore|ARM.Build.0 = Release|Any CPU
		{66BA8C6E-D82E-413E-9830-C56B8A5C6455}.AppStore|iPhone.ActiveCfg = Release|Any CPU
		{66BA8C6E-D82E-413E-9830-C56B8A5C6455}.AppStore|iPhone.Build.0 = Release|Any CPU
		{66BA8C6E-D82E-413E-9830-C56B8A5C6455}.AppStore|iPhoneSimulator.ActiveCfg = Release|Any CPU
		{66BA8C6E-D82E-413E-9830-C56B8A5C6455}.AppStore|iPhoneSimulator.Build.0 = Release|Any CPU
		{66BA8C6E-D82E-413E-9830-C56B8A5C6455}.AppStore|x64.ActiveCfg = Release|Any CPU
		{66BA8C6E-D82E-413E-9830-C56B8A5C6455}.AppStore|x64.Build.0 = Release|Any CPU
		{66BA8C6E-D82E-413E-9830-C56B8A5C6455}.AppStore|x86.ActiveCfg = Release|Any CPU
		{66BA8C6E-D82E-413E-9830-C56B8A5C6455}.AppStore|x86.Build.0 = Release|Any CPU
		{66BA8C6E-D82E-413E-9830-C56B8A5C6455}.Debug|Any CPU.ActiveCfg = Debug|Any CPU
		{66BA8C6E-D82E-413E-9830-C56B8A5C6455}.Debug|Any CPU.Build.0 = Debug|Any CPU
		{66BA8C6E-D82E-413E-9830-C56B8A5C6455}.Debug|ARM.ActiveCfg = Debug|Any CPU
		{66BA8C6E-D82E-413E-9830-C56B8A5C6455}.Debug|ARM.Build.0 = Debug|Any CPU
		{66BA8C6E-D82E-413E-9830-C56B8A5C6455}.Debug|iPhone.ActiveCfg = Debug|Any CPU
		{66BA8C6E-D82E-413E-9830-C56B8A5C6455}.Debug|iPhone.Build.0 = Debug|Any CPU
		{66BA8C6E-D82E-413E-9830-C56B8A5C6455}.Debug|iPhoneSimulator.ActiveCfg = Debug|Any CPU
		{66BA8C6E-D82E-413E-9830-C56B8A5C6455}.Debug|iPhoneSimulator.Build.0 = Debug|Any CPU
		{66BA8C6E-D82E-413E-9830-C56B8A5C6455}.Debug|x64.ActiveCfg = Debug|Any CPU
		{66BA8C6E-D82E-413E-9830-C56B8A5C6455}.Debug|x64.Build.0 = Debug|Any CPU
		{66BA8C6E-D82E-413E-9830-C56B8A5C6455}.Debug|x86.ActiveCfg = Debug|Any CPU
		{66BA8C6E-D82E-413E-9830-C56B8A5C6455}.Debug|x86.Build.0 = Debug|Any CPU
		{66BA8C6E-D82E-413E-9830-C56B8A5C6455}.Release|Any CPU.ActiveCfg = Release|Any CPU
		{66BA8C6E-D82E-413E-9830-C56B8A5C6455}.Release|Any CPU.Build.0 = Release|Any CPU
		{66BA8C6E-D82E-413E-9830-C56B8A5C6455}.Release|ARM.ActiveCfg = Release|Any CPU
		{66BA8C6E-D82E-413E-9830-C56B8A5C6455}.Release|ARM.Build.0 = Release|Any CPU
		{66BA8C6E-D82E-413E-9830-C56B8A5C6455}.Release|iPhone.ActiveCfg = Release|Any CPU
		{66BA8C6E-D82E-413E-9830-C56B8A5C6455}.Release|iPhone.Build.0 = Release|Any CPU
		{66BA8C6E-D82E-413E-9830-C56B8A5C6455}.Release|iPhoneSimulator.ActiveCfg = Release|Any CPU
		{66BA8C6E-D82E-413E-9830-C56B8A5C6455}.Release|iPhoneSimulator.Build.0 = Release|Any CPU
		{66BA8C6E-D82E-413E-9830-C56B8A5C6455}.Release|x64.ActiveCfg = Release|Any CPU
		{66BA8C6E-D82E-413E-9830-C56B8A5C6455}.Release|x64.Build.0 = Release|Any CPU
		{66BA8C6E-D82E-413E-9830-C56B8A5C6455}.Release|x86.ActiveCfg = Release|Any CPU
		{66BA8C6E-D82E-413E-9830-C56B8A5C6455}.Release|x86.Build.0 = Release|Any CPU
		{47043E55-54D9-4C30-AB77-261BDBFF3EA3}.Ad-Hoc|Any CPU.ActiveCfg = Release|Any CPU
		{47043E55-54D9-4C30-AB77-261BDBFF3EA3}.Ad-Hoc|Any CPU.Build.0 = Release|Any CPU
		{47043E55-54D9-4C30-AB77-261BDBFF3EA3}.Ad-Hoc|Any CPU.Deploy.0 = Release|Any CPU
		{47043E55-54D9-4C30-AB77-261BDBFF3EA3}.Ad-Hoc|ARM.ActiveCfg = Release|Any CPU
		{47043E55-54D9-4C30-AB77-261BDBFF3EA3}.Ad-Hoc|ARM.Build.0 = Release|Any CPU
		{47043E55-54D9-4C30-AB77-261BDBFF3EA3}.Ad-Hoc|ARM.Deploy.0 = Release|Any CPU
		{47043E55-54D9-4C30-AB77-261BDBFF3EA3}.Ad-Hoc|iPhone.ActiveCfg = Release|Any CPU
		{47043E55-54D9-4C30-AB77-261BDBFF3EA3}.Ad-Hoc|iPhone.Build.0 = Release|Any CPU
		{47043E55-54D9-4C30-AB77-261BDBFF3EA3}.Ad-Hoc|iPhone.Deploy.0 = Release|Any CPU
		{47043E55-54D9-4C30-AB77-261BDBFF3EA3}.Ad-Hoc|iPhoneSimulator.ActiveCfg = Release|Any CPU
		{47043E55-54D9-4C30-AB77-261BDBFF3EA3}.Ad-Hoc|iPhoneSimulator.Build.0 = Release|Any CPU
		{47043E55-54D9-4C30-AB77-261BDBFF3EA3}.Ad-Hoc|iPhoneSimulator.Deploy.0 = Release|Any CPU
		{47043E55-54D9-4C30-AB77-261BDBFF3EA3}.Ad-Hoc|x64.ActiveCfg = Release|Any CPU
		{47043E55-54D9-4C30-AB77-261BDBFF3EA3}.Ad-Hoc|x64.Build.0 = Release|Any CPU
		{47043E55-54D9-4C30-AB77-261BDBFF3EA3}.Ad-Hoc|x64.Deploy.0 = Release|Any CPU
		{47043E55-54D9-4C30-AB77-261BDBFF3EA3}.Ad-Hoc|x86.ActiveCfg = Release|Any CPU
		{47043E55-54D9-4C30-AB77-261BDBFF3EA3}.Ad-Hoc|x86.Build.0 = Release|Any CPU
		{47043E55-54D9-4C30-AB77-261BDBFF3EA3}.Ad-Hoc|x86.Deploy.0 = Release|Any CPU
		{47043E55-54D9-4C30-AB77-261BDBFF3EA3}.AppStore|Any CPU.ActiveCfg = Release|Any CPU
		{47043E55-54D9-4C30-AB77-261BDBFF3EA3}.AppStore|Any CPU.Build.0 = Release|Any CPU
		{47043E55-54D9-4C30-AB77-261BDBFF3EA3}.AppStore|Any CPU.Deploy.0 = Release|Any CPU
		{47043E55-54D9-4C30-AB77-261BDBFF3EA3}.AppStore|ARM.ActiveCfg = Release|Any CPU
		{47043E55-54D9-4C30-AB77-261BDBFF3EA3}.AppStore|ARM.Build.0 = Release|Any CPU
		{47043E55-54D9-4C30-AB77-261BDBFF3EA3}.AppStore|ARM.Deploy.0 = Release|Any CPU
		{47043E55-54D9-4C30-AB77-261BDBFF3EA3}.AppStore|iPhone.ActiveCfg = Release|Any CPU
		{47043E55-54D9-4C30-AB77-261BDBFF3EA3}.AppStore|iPhone.Build.0 = Release|Any CPU
		{47043E55-54D9-4C30-AB77-261BDBFF3EA3}.AppStore|iPhone.Deploy.0 = Release|Any CPU
		{47043E55-54D9-4C30-AB77-261BDBFF3EA3}.AppStore|iPhoneSimulator.ActiveCfg = Release|Any CPU
		{47043E55-54D9-4C30-AB77-261BDBFF3EA3}.AppStore|iPhoneSimulator.Build.0 = Release|Any CPU
		{47043E55-54D9-4C30-AB77-261BDBFF3EA3}.AppStore|iPhoneSimulator.Deploy.0 = Release|Any CPU
		{47043E55-54D9-4C30-AB77-261BDBFF3EA3}.AppStore|x64.ActiveCfg = Release|Any CPU
		{47043E55-54D9-4C30-AB77-261BDBFF3EA3}.AppStore|x64.Build.0 = Release|Any CPU
		{47043E55-54D9-4C30-AB77-261BDBFF3EA3}.AppStore|x64.Deploy.0 = Release|Any CPU
		{47043E55-54D9-4C30-AB77-261BDBFF3EA3}.AppStore|x86.ActiveCfg = Release|Any CPU
		{47043E55-54D9-4C30-AB77-261BDBFF3EA3}.AppStore|x86.Build.0 = Release|Any CPU
		{47043E55-54D9-4C30-AB77-261BDBFF3EA3}.AppStore|x86.Deploy.0 = Release|Any CPU
		{47043E55-54D9-4C30-AB77-261BDBFF3EA3}.Debug|Any CPU.ActiveCfg = Debug|Any CPU
		{47043E55-54D9-4C30-AB77-261BDBFF3EA3}.Debug|Any CPU.Build.0 = Debug|Any CPU
		{47043E55-54D9-4C30-AB77-261BDBFF3EA3}.Debug|Any CPU.Deploy.0 = Debug|Any CPU
		{47043E55-54D9-4C30-AB77-261BDBFF3EA3}.Debug|ARM.ActiveCfg = Debug|Any CPU
		{47043E55-54D9-4C30-AB77-261BDBFF3EA3}.Debug|ARM.Build.0 = Debug|Any CPU
		{47043E55-54D9-4C30-AB77-261BDBFF3EA3}.Debug|ARM.Deploy.0 = Debug|Any CPU
		{47043E55-54D9-4C30-AB77-261BDBFF3EA3}.Debug|iPhone.ActiveCfg = Debug|Any CPU
		{47043E55-54D9-4C30-AB77-261BDBFF3EA3}.Debug|iPhone.Build.0 = Debug|Any CPU
		{47043E55-54D9-4C30-AB77-261BDBFF3EA3}.Debug|iPhone.Deploy.0 = Debug|Any CPU
		{47043E55-54D9-4C30-AB77-261BDBFF3EA3}.Debug|iPhoneSimulator.ActiveCfg = Debug|Any CPU
		{47043E55-54D9-4C30-AB77-261BDBFF3EA3}.Debug|iPhoneSimulator.Build.0 = Debug|Any CPU
		{47043E55-54D9-4C30-AB77-261BDBFF3EA3}.Debug|iPhoneSimulator.Deploy.0 = Debug|Any CPU
		{47043E55-54D9-4C30-AB77-261BDBFF3EA3}.Debug|x64.ActiveCfg = Debug|Any CPU
		{47043E55-54D9-4C30-AB77-261BDBFF3EA3}.Debug|x64.Build.0 = Debug|Any CPU
		{47043E55-54D9-4C30-AB77-261BDBFF3EA3}.Debug|x64.Deploy.0 = Debug|Any CPU
		{47043E55-54D9-4C30-AB77-261BDBFF3EA3}.Debug|x86.ActiveCfg = Debug|Any CPU
		{47043E55-54D9-4C30-AB77-261BDBFF3EA3}.Debug|x86.Build.0 = Debug|Any CPU
		{47043E55-54D9-4C30-AB77-261BDBFF3EA3}.Debug|x86.Deploy.0 = Debug|Any CPU
		{47043E55-54D9-4C30-AB77-261BDBFF3EA3}.Release|Any CPU.ActiveCfg = Release|Any CPU
		{47043E55-54D9-4C30-AB77-261BDBFF3EA3}.Release|Any CPU.Build.0 = Release|Any CPU
		{47043E55-54D9-4C30-AB77-261BDBFF3EA3}.Release|Any CPU.Deploy.0 = Release|Any CPU
		{47043E55-54D9-4C30-AB77-261BDBFF3EA3}.Release|ARM.ActiveCfg = Release|Any CPU
		{47043E55-54D9-4C30-AB77-261BDBFF3EA3}.Release|ARM.Build.0 = Release|Any CPU
		{47043E55-54D9-4C30-AB77-261BDBFF3EA3}.Release|ARM.Deploy.0 = Release|Any CPU
		{47043E55-54D9-4C30-AB77-261BDBFF3EA3}.Release|iPhone.ActiveCfg = Release|Any CPU
		{47043E55-54D9-4C30-AB77-261BDBFF3EA3}.Release|iPhone.Build.0 = Release|Any CPU
		{47043E55-54D9-4C30-AB77-261BDBFF3EA3}.Release|iPhone.Deploy.0 = Release|Any CPU
		{47043E55-54D9-4C30-AB77-261BDBFF3EA3}.Release|iPhoneSimulator.ActiveCfg = Release|Any CPU
		{47043E55-54D9-4C30-AB77-261BDBFF3EA3}.Release|iPhoneSimulator.Build.0 = Release|Any CPU
		{47043E55-54D9-4C30-AB77-261BDBFF3EA3}.Release|iPhoneSimulator.Deploy.0 = Release|Any CPU
		{47043E55-54D9-4C30-AB77-261BDBFF3EA3}.Release|x64.ActiveCfg = Release|Any CPU
		{47043E55-54D9-4C30-AB77-261BDBFF3EA3}.Release|x64.Build.0 = Release|Any CPU
		{47043E55-54D9-4C30-AB77-261BDBFF3EA3}.Release|x64.Deploy.0 = Release|Any CPU
		{47043E55-54D9-4C30-AB77-261BDBFF3EA3}.Release|x86.ActiveCfg = Release|Any CPU
		{47043E55-54D9-4C30-AB77-261BDBFF3EA3}.Release|x86.Build.0 = Release|Any CPU
		{47043E55-54D9-4C30-AB77-261BDBFF3EA3}.Release|x86.Deploy.0 = Release|Any CPU
		{5733C16C-11EF-40A3-8733-7AAB39123A8C}.Ad-Hoc|Any CPU.ActiveCfg = Ad-Hoc|iPhone
		{5733C16C-11EF-40A3-8733-7AAB39123A8C}.Ad-Hoc|ARM.ActiveCfg = Ad-Hoc|iPhone
		{5733C16C-11EF-40A3-8733-7AAB39123A8C}.Ad-Hoc|iPhone.ActiveCfg = Ad-Hoc|iPhone
		{5733C16C-11EF-40A3-8733-7AAB39123A8C}.Ad-Hoc|iPhone.Build.0 = Ad-Hoc|iPhone
		{5733C16C-11EF-40A3-8733-7AAB39123A8C}.Ad-Hoc|iPhoneSimulator.ActiveCfg = Ad-Hoc|iPhoneSimulator
		{5733C16C-11EF-40A3-8733-7AAB39123A8C}.Ad-Hoc|iPhoneSimulator.Build.0 = Ad-Hoc|iPhoneSimulator
		{5733C16C-11EF-40A3-8733-7AAB39123A8C}.Ad-Hoc|x64.ActiveCfg = Ad-Hoc|iPhone
		{5733C16C-11EF-40A3-8733-7AAB39123A8C}.Ad-Hoc|x86.ActiveCfg = Ad-Hoc|iPhone
		{5733C16C-11EF-40A3-8733-7AAB39123A8C}.AppStore|Any CPU.ActiveCfg = AppStore|iPhone
		{5733C16C-11EF-40A3-8733-7AAB39123A8C}.AppStore|ARM.ActiveCfg = AppStore|iPhone
		{5733C16C-11EF-40A3-8733-7AAB39123A8C}.AppStore|iPhone.ActiveCfg = AppStore|iPhone
		{5733C16C-11EF-40A3-8733-7AAB39123A8C}.AppStore|iPhone.Build.0 = AppStore|iPhone
		{5733C16C-11EF-40A3-8733-7AAB39123A8C}.AppStore|iPhoneSimulator.ActiveCfg = AppStore|iPhoneSimulator
		{5733C16C-11EF-40A3-8733-7AAB39123A8C}.AppStore|iPhoneSimulator.Build.0 = AppStore|iPhoneSimulator
		{5733C16C-11EF-40A3-8733-7AAB39123A8C}.AppStore|x64.ActiveCfg = AppStore|iPhone
		{5733C16C-11EF-40A3-8733-7AAB39123A8C}.AppStore|x86.ActiveCfg = AppStore|iPhone
		{5733C16C-11EF-40A3-8733-7AAB39123A8C}.Debug|Any CPU.ActiveCfg = Debug|iPhone
		{5733C16C-11EF-40A3-8733-7AAB39123A8C}.Debug|ARM.ActiveCfg = Debug|iPhone
		{5733C16C-11EF-40A3-8733-7AAB39123A8C}.Debug|iPhone.ActiveCfg = Debug|iPhone
		{5733C16C-11EF-40A3-8733-7AAB39123A8C}.Debug|iPhone.Build.0 = Debug|iPhone
		{5733C16C-11EF-40A3-8733-7AAB39123A8C}.Debug|iPhoneSimulator.ActiveCfg = Debug|iPhoneSimulator
		{5733C16C-11EF-40A3-8733-7AAB39123A8C}.Debug|iPhoneSimulator.Build.0 = Debug|iPhoneSimulator
		{5733C16C-11EF-40A3-8733-7AAB39123A8C}.Debug|x64.ActiveCfg = Debug|iPhone
		{5733C16C-11EF-40A3-8733-7AAB39123A8C}.Debug|x86.ActiveCfg = Debug|iPhone
		{5733C16C-11EF-40A3-8733-7AAB39123A8C}.Release|Any CPU.ActiveCfg = Release|iPhone
		{5733C16C-11EF-40A3-8733-7AAB39123A8C}.Release|ARM.ActiveCfg = Release|iPhone
		{5733C16C-11EF-40A3-8733-7AAB39123A8C}.Release|iPhone.ActiveCfg = Release|iPhone
		{5733C16C-11EF-40A3-8733-7AAB39123A8C}.Release|iPhone.Build.0 = Release|iPhone
		{5733C16C-11EF-40A3-8733-7AAB39123A8C}.Release|iPhoneSimulator.ActiveCfg = Release|iPhoneSimulator
		{5733C16C-11EF-40A3-8733-7AAB39123A8C}.Release|iPhoneSimulator.Build.0 = Release|iPhoneSimulator
		{5733C16C-11EF-40A3-8733-7AAB39123A8C}.Release|x64.ActiveCfg = Release|iPhone
		{5733C16C-11EF-40A3-8733-7AAB39123A8C}.Release|x86.ActiveCfg = Release|iPhone
		{B612D2C5-6003-4B8E-AD6E-95892EBEE9CC}.Ad-Hoc|Any CPU.ActiveCfg = Release|x86
		{B612D2C5-6003-4B8E-AD6E-95892EBEE9CC}.Ad-Hoc|Any CPU.Build.0 = Release|x86
		{B612D2C5-6003-4B8E-AD6E-95892EBEE9CC}.Ad-Hoc|Any CPU.Deploy.0 = Release|x86
		{B612D2C5-6003-4B8E-AD6E-95892EBEE9CC}.Ad-Hoc|ARM.ActiveCfg = Release|ARM
		{B612D2C5-6003-4B8E-AD6E-95892EBEE9CC}.Ad-Hoc|ARM.Build.0 = Release|ARM
		{B612D2C5-6003-4B8E-AD6E-95892EBEE9CC}.Ad-Hoc|ARM.Deploy.0 = Release|ARM
		{B612D2C5-6003-4B8E-AD6E-95892EBEE9CC}.Ad-Hoc|iPhone.ActiveCfg = Release|x86
		{B612D2C5-6003-4B8E-AD6E-95892EBEE9CC}.Ad-Hoc|iPhone.Build.0 = Release|x86
		{B612D2C5-6003-4B8E-AD6E-95892EBEE9CC}.Ad-Hoc|iPhone.Deploy.0 = Release|x86
		{B612D2C5-6003-4B8E-AD6E-95892EBEE9CC}.Ad-Hoc|iPhoneSimulator.ActiveCfg = Release|x86
		{B612D2C5-6003-4B8E-AD6E-95892EBEE9CC}.Ad-Hoc|iPhoneSimulator.Build.0 = Release|x86
		{B612D2C5-6003-4B8E-AD6E-95892EBEE9CC}.Ad-Hoc|iPhoneSimulator.Deploy.0 = Release|x86
		{B612D2C5-6003-4B8E-AD6E-95892EBEE9CC}.Ad-Hoc|x64.ActiveCfg = Release|x64
		{B612D2C5-6003-4B8E-AD6E-95892EBEE9CC}.Ad-Hoc|x64.Build.0 = Release|x64
		{B612D2C5-6003-4B8E-AD6E-95892EBEE9CC}.Ad-Hoc|x64.Deploy.0 = Release|x64
		{B612D2C5-6003-4B8E-AD6E-95892EBEE9CC}.Ad-Hoc|x86.ActiveCfg = Release|x86
		{B612D2C5-6003-4B8E-AD6E-95892EBEE9CC}.Ad-Hoc|x86.Build.0 = Release|x86
		{B612D2C5-6003-4B8E-AD6E-95892EBEE9CC}.Ad-Hoc|x86.Deploy.0 = Release|x86
		{B612D2C5-6003-4B8E-AD6E-95892EBEE9CC}.AppStore|Any CPU.ActiveCfg = Release|x86
		{B612D2C5-6003-4B8E-AD6E-95892EBEE9CC}.AppStore|Any CPU.Build.0 = Release|x86
		{B612D2C5-6003-4B8E-AD6E-95892EBEE9CC}.AppStore|Any CPU.Deploy.0 = Release|x86
		{B612D2C5-6003-4B8E-AD6E-95892EBEE9CC}.AppStore|ARM.ActiveCfg = Release|ARM
		{B612D2C5-6003-4B8E-AD6E-95892EBEE9CC}.AppStore|ARM.Build.0 = Release|ARM
		{B612D2C5-6003-4B8E-AD6E-95892EBEE9CC}.AppStore|ARM.Deploy.0 = Release|ARM
		{B612D2C5-6003-4B8E-AD6E-95892EBEE9CC}.AppStore|iPhone.ActiveCfg = Release|x86
		{B612D2C5-6003-4B8E-AD6E-95892EBEE9CC}.AppStore|iPhone.Build.0 = Release|x86
		{B612D2C5-6003-4B8E-AD6E-95892EBEE9CC}.AppStore|iPhone.Deploy.0 = Release|x86
		{B612D2C5-6003-4B8E-AD6E-95892EBEE9CC}.AppStore|iPhoneSimulator.ActiveCfg = Release|x86
		{B612D2C5-6003-4B8E-AD6E-95892EBEE9CC}.AppStore|iPhoneSimulator.Build.0 = Release|x86
		{B612D2C5-6003-4B8E-AD6E-95892EBEE9CC}.AppStore|iPhoneSimulator.Deploy.0 = Release|x86
		{B612D2C5-6003-4B8E-AD6E-95892EBEE9CC}.AppStore|x64.ActiveCfg = Release|x64
		{B612D2C5-6003-4B8E-AD6E-95892EBEE9CC}.AppStore|x64.Build.0 = Release|x64
		{B612D2C5-6003-4B8E-AD6E-95892EBEE9CC}.AppStore|x64.Deploy.0 = Release|x64
		{B612D2C5-6003-4B8E-AD6E-95892EBEE9CC}.AppStore|x86.ActiveCfg = Release|x86
		{B612D2C5-6003-4B8E-AD6E-95892EBEE9CC}.AppStore|x86.Build.0 = Release|x86
		{B612D2C5-6003-4B8E-AD6E-95892EBEE9CC}.AppStore|x86.Deploy.0 = Release|x86
		{B612D2C5-6003-4B8E-AD6E-95892EBEE9CC}.Debug|Any CPU.ActiveCfg = Debug|x86
		{B612D2C5-6003-4B8E-AD6E-95892EBEE9CC}.Debug|Any CPU.Build.0 = Debug|x86
		{B612D2C5-6003-4B8E-AD6E-95892EBEE9CC}.Debug|Any CPU.Deploy.0 = Debug|x86
		{B612D2C5-6003-4B8E-AD6E-95892EBEE9CC}.Debug|ARM.ActiveCfg = Debug|ARM
		{B612D2C5-6003-4B8E-AD6E-95892EBEE9CC}.Debug|ARM.Build.0 = Debug|ARM
		{B612D2C5-6003-4B8E-AD6E-95892EBEE9CC}.Debug|ARM.Deploy.0 = Debug|ARM
		{B612D2C5-6003-4B8E-AD6E-95892EBEE9CC}.Debug|iPhone.ActiveCfg = Debug|x86
		{B612D2C5-6003-4B8E-AD6E-95892EBEE9CC}.Debug|iPhone.Build.0 = Debug|x86
		{B612D2C5-6003-4B8E-AD6E-95892EBEE9CC}.Debug|iPhone.Deploy.0 = Debug|x86
		{B612D2C5-6003-4B8E-AD6E-95892EBEE9CC}.Debug|iPhoneSimulator.ActiveCfg = Debug|x86
		{B612D2C5-6003-4B8E-AD6E-95892EBEE9CC}.Debug|x64.ActiveCfg = Debug|x64
		{B612D2C5-6003-4B8E-AD6E-95892EBEE9CC}.Debug|x64.Build.0 = Debug|x64
		{B612D2C5-6003-4B8E-AD6E-95892EBEE9CC}.Debug|x64.Deploy.0 = Debug|x64
		{B612D2C5-6003-4B8E-AD6E-95892EBEE9CC}.Debug|x86.ActiveCfg = Debug|x86
		{B612D2C5-6003-4B8E-AD6E-95892EBEE9CC}.Debug|x86.Build.0 = Debug|x86
		{B612D2C5-6003-4B8E-AD6E-95892EBEE9CC}.Debug|x86.Deploy.0 = Debug|x86
		{B612D2C5-6003-4B8E-AD6E-95892EBEE9CC}.Release|Any CPU.ActiveCfg = Release|x86
		{B612D2C5-6003-4B8E-AD6E-95892EBEE9CC}.Release|ARM.ActiveCfg = Release|ARM
		{B612D2C5-6003-4B8E-AD6E-95892EBEE9CC}.Release|ARM.Build.0 = Release|ARM
		{B612D2C5-6003-4B8E-AD6E-95892EBEE9CC}.Release|ARM.Deploy.0 = Release|ARM
		{B612D2C5-6003-4B8E-AD6E-95892EBEE9CC}.Release|iPhone.ActiveCfg = Release|x86
		{B612D2C5-6003-4B8E-AD6E-95892EBEE9CC}.Release|iPhoneSimulator.ActiveCfg = Release|x86
		{B612D2C5-6003-4B8E-AD6E-95892EBEE9CC}.Release|x64.ActiveCfg = Release|x64
		{B612D2C5-6003-4B8E-AD6E-95892EBEE9CC}.Release|x64.Build.0 = Release|x64
		{B612D2C5-6003-4B8E-AD6E-95892EBEE9CC}.Release|x64.Deploy.0 = Release|x64
		{B612D2C5-6003-4B8E-AD6E-95892EBEE9CC}.Release|x86.ActiveCfg = Release|x86
		{B612D2C5-6003-4B8E-AD6E-95892EBEE9CC}.Release|x86.Build.0 = Release|x86
		{B612D2C5-6003-4B8E-AD6E-95892EBEE9CC}.Release|x86.Deploy.0 = Release|x86
	EndGlobalSection
	GlobalSection(SolutionProperties) = preSolution
		HideSolutionNode = FALSE
	EndGlobalSection
EndGlobal
